// !$*UTF8*$!
{
	archiveVersion = 1;
	classes = {
	};
	objectVersion = 56;
	objects = {

/* Begin PBXBuildFile section */
		A6857EC3298EE1DE00C83985 /* AppDelegate.swift in Sources */ = {isa = PBXBuildFile; fileRef = A6857EC2298EE1DE00C83985 /* AppDelegate.swift */; };
		A6857EC5298EE1DE00C83985 /* SceneDelegate.swift in Sources */ = {isa = PBXBuildFile; fileRef = A6857EC4298EE1DE00C83985 /* SceneDelegate.swift */; };
		A6857ECA298EE1DE00C83985 /* Main.storyboard in Resources */ = {isa = PBXBuildFile; fileRef = A6857EC8298EE1DE00C83985 /* Main.storyboard */; };
		A6857ECC298EE1E000C83985 /* Assets.xcassets in Resources */ = {isa = PBXBuildFile; fileRef = A6857ECB298EE1E000C83985 /* Assets.xcassets */; };
		A6857ECF298EE1E000C83985 /* LaunchScreen.storyboard in Resources */ = {isa = PBXBuildFile; fileRef = A6857ECD298EE1E000C83985 /* LaunchScreen.storyboard */; };
		A6857EDB2993166C00C83985 /* Data.plist in Resources */ = {isa = PBXBuildFile; fileRef = A6857EDA2993166C00C83985 /* Data.plist */; };
		A6857EDD29931A8300C83985 /* MapViewController.swift in Sources */ = {isa = PBXBuildFile; fileRef = A6857EDC29931A8300C83985 /* MapViewController.swift */; };
		A6857EE129932E1400C83985 /* Place.swift in Sources */ = {isa = PBXBuildFile; fileRef = A6857EE029932E1400C83985 /* Place.swift */; };
		A6857EE329932EBD00C83985 /* PlaceMarkerView.swift in Sources */ = {isa = PBXBuildFile; fileRef = A6857EE229932EBD00C83985 /* PlaceMarkerView.swift */; };
		A6857EE9299335EF00C83985 /* PlaceViewController.swift in Sources */ = {isa = PBXBuildFile; fileRef = A6857EE8299335EF00C83985 /* PlaceViewController.swift */; };
		A6857EEB299340C600C83985 /* DataManager.swift in Sources */ = {isa = PBXBuildFile; fileRef = A6857EEA299340C600C83985 /* DataManager.swift */; };
		A6857EED2993444E00C83985 /* PlaceFavoritesDelegate.swift in Sources */ = {isa = PBXBuildFile; fileRef = A6857EEC2993444E00C83985 /* PlaceFavoritesDelegate.swift */; };
/* End PBXBuildFile section */

/* Begin PBXFileReference section */
		A6857EBF298EE1DE00C83985 /* MyTown.app */ = {isa = PBXFileReference; explicitFileType = wrapper.application; includeInIndex = 0; path = MyTown.app; sourceTree = BUILT_PRODUCTS_DIR; };
		A6857EC2298EE1DE00C83985 /* AppDelegate.swift */ = {isa = PBXFileReference; lastKnownFileType = sourcecode.swift; path = AppDelegate.swift; sourceTree = "<group>"; };
		A6857EC4298EE1DE00C83985 /* SceneDelegate.swift */ = {isa = PBXFileReference; lastKnownFileType = sourcecode.swift; path = SceneDelegate.swift; sourceTree = "<group>"; };
		A6857EC9298EE1DE00C83985 /* Base */ = {isa = PBXFileReference; lastKnownFileType = file.storyboard; name = Base; path = Base.lproj/Main.storyboard; sourceTree = "<group>"; };
		A6857ECB298EE1E000C83985 /* Assets.xcassets */ = {isa = PBXFileReference; lastKnownFileType = folder.assetcatalog; path = Assets.xcassets; sourceTree = "<group>"; };
		A6857ECE298EE1E000C83985 /* Base */ = {isa = PBXFileReference; lastKnownFileType = file.storyboard; name = Base; path = Base.lproj/LaunchScreen.storyboard; sourceTree = "<group>"; };
		A6857ED0298EE1E000C83985 /* Info.plist */ = {isa = PBXFileReference; lastKnownFileType = text.plist.xml; path = Info.plist; sourceTree = "<group>"; };
		A6857EDA2993166C00C83985 /* Data.plist */ = {isa = PBXFileReference; fileEncoding = 4; lastKnownFileType = text.plist.xml; path = Data.plist; sourceTree = "<group>"; };
		A6857EDC29931A8300C83985 /* MapViewController.swift */ = {isa = PBXFileReference; lastKnownFileType = sourcecode.swift; path = MapViewController.swift; sourceTree = "<group>"; };
		A6857EE029932E1400C83985 /* Place.swift */ = {isa = PBXFileReference; lastKnownFileType = sourcecode.swift; path = Place.swift; sourceTree = "<group>"; };
		A6857EE229932EBD00C83985 /* PlaceMarkerView.swift */ = {isa = PBXFileReference; lastKnownFileType = sourcecode.swift; path = PlaceMarkerView.swift; sourceTree = "<group>"; };
		A6857EE8299335EF00C83985 /* PlaceViewController.swift */ = {isa = PBXFileReference; lastKnownFileType = sourcecode.swift; path = PlaceViewController.swift; sourceTree = "<group>"; };
		A6857EEA299340C600C83985 /* DataManager.swift */ = {isa = PBXFileReference; lastKnownFileType = sourcecode.swift; path = DataManager.swift; sourceTree = "<group>"; };
		A6857EEC2993444E00C83985 /* PlaceFavoritesDelegate.swift */ = {isa = PBXFileReference; lastKnownFileType = sourcecode.swift; path = PlaceFavoritesDelegate.swift; sourceTree = "<group>"; };
/* End PBXFileReference section */

/* Begin PBXFrameworksBuildPhase section */
		A6857EBC298EE1DE00C83985 /* Frameworks */ = {
			isa = PBXFrameworksBuildPhase;
			buildActionMask = 2147483647;
			files = (
			);
			runOnlyForDeploymentPostprocessing = 0;
		};
/* End PBXFrameworksBuildPhase section */

/* Begin PBXGroup section */
		A6857EB6298EE1DE00C83985 = {
			isa = PBXGroup;
			children = (
				A6857EC1298EE1DE00C83985 /* MyTown */,
				A6857EC0298EE1DE00C83985 /* Products */,
			);
			sourceTree = "<group>";
		};
		A6857EC0298EE1DE00C83985 /* Products */ = {
			isa = PBXGroup;
			children = (
				A6857EBF298EE1DE00C83985 /* MyTown.app */,
			);
			name = Products;
			sourceTree = "<group>";
		};
		A6857EC1298EE1DE00C83985 /* MyTown */ = {
			isa = PBXGroup;
			children = (
				A6857EC2298EE1DE00C83985 /* AppDelegate.swift */,
				A6857EC4298EE1DE00C83985 /* SceneDelegate.swift */,
				A6857EC8298EE1DE00C83985 /* Main.storyboard */,
				A6857EDC29931A8300C83985 /* MapViewController.swift */,
				A6857EEA299340C600C83985 /* DataManager.swift */,
				A6857EE8299335EF00C83985 /* PlaceViewController.swift */,
				A6857EE029932E1400C83985 /* Place.swift */,
				A6857EE229932EBD00C83985 /* PlaceMarkerView.swift */,
				A6857EEC2993444E00C83985 /* PlaceFavoritesDelegate.swift */,
				A6857ECB298EE1E000C83985 /* Assets.xcassets */,
				A6857ECD298EE1E000C83985 /* LaunchScreen.storyboard */,
				A6857ED0298EE1E000C83985 /* Info.plist */,
				A6857EDA2993166C00C83985 /* Data.plist */,
			);
			path = MyTown;
			sourceTree = "<group>";
		};
/* End PBXGroup section */

/* Begin PBXNativeTarget section */
		A6857EBE298EE1DE00C83985 /* MyTown */ = {
			isa = PBXNativeTarget;
			buildConfigurationList = A6857ED3298EE1E000C83985 /* Build configuration list for PBXNativeTarget "MyTown" */;
			buildPhases = (
				A6857EBB298EE1DE00C83985 /* Sources */,
				A6857EBC298EE1DE00C83985 /* Frameworks */,
				A6857EBD298EE1DE00C83985 /* Resources */,
			);
			buildRules = (
			);
			dependencies = (
			);
			name = MyTown;
			productName = MyTown;
			productReference = A6857EBF298EE1DE00C83985 /* MyTown.app */;
			productType = "com.apple.product-type.application";
		};
/* End PBXNativeTarget section */

/* Begin PBXProject section */
		A6857EB7298EE1DE00C83985 /* Project object */ = {
			isa = PBXProject;
			attributes = {
				BuildIndependentTargetsInParallel = 1;
				LastSwiftUpdateCheck = 1420;
				LastUpgradeCheck = 1420;
				TargetAttributes = {
					A6857EBE298EE1DE00C83985 = {
						CreatedOnToolsVersion = 14.2;
					};
				};
			};
			buildConfigurationList = A6857EBA298EE1DE00C83985 /* Build configuration list for PBXProject "MyTown" */;
			compatibilityVersion = "Xcode 14.0";
			developmentRegion = en;
			hasScannedForEncodings = 0;
			knownRegions = (
				en,
				Base,
			);
			mainGroup = A6857EB6298EE1DE00C83985;
			productRefGroup = A6857EC0298EE1DE00C83985 /* Products */;
			projectDirPath = "";
			projectRoot = "";
			targets = (
				A6857EBE298EE1DE00C83985 /* MyTown */,
			);
		};
/* End PBXProject section */

/* Begin PBXResourcesBuildPhase section */
		A6857EBD298EE1DE00C83985 /* Resources */ = {
			isa = PBXResourcesBuildPhase;
			buildActionMask = 2147483647;
			files = (
				A6857ECF298EE1E000C83985 /* LaunchScreen.storyboard in Resources */,
				A6857ECC298EE1E000C83985 /* Assets.xcassets in Resources */,
				A6857EDB2993166C00C83985 /* Data.plist in Resources */,
				A6857ECA298EE1DE00C83985 /* Main.storyboard in Resources */,
			);
			runOnlyForDeploymentPostprocessing = 0;
		};
/* End PBXResourcesBuildPhase section */

/* Begin PBXSourcesBuildPhase section */
		A6857EBB298EE1DE00C83985 /* Sources */ = {
			isa = PBXSourcesBuildPhase;
			buildActionMask = 2147483647;
			files = (
				A6857EE329932EBD00C83985 /* PlaceMarkerView.swift in Sources */,
				A6857EEB299340C600C83985 /* DataManager.swift in Sources */,
				A6857EED2993444E00C83985 /* PlaceFavoritesDelegate.swift in Sources */,
				A6857EC3298EE1DE00C83985 /* AppDelegate.swift in Sources */,
				A6857EE9299335EF00C83985 /* PlaceViewController.swift in Sources */,
				A6857EDD29931A8300C83985 /* MapViewController.swift in Sources */,
				A6857EC5298EE1DE00C83985 /* SceneDelegate.swift in Sources */,
				A6857EE129932E1400C83985 /* Place.swift in Sources */,
			);
			runOnlyForDeploymentPostprocessing = 0;
		};
/* End PBXSourcesBuildPhase section */

/* Begin PBXVariantGroup section */
		A6857EC8298EE1DE00C83985 /* Main.storyboard */ = {
			isa = PBXVariantGroup;
			children = (
				A6857EC9298EE1DE00C83985 /* Base */,
			);
			name = Main.storyboard;
			sourceTree = "<group>";
		};
		A6857ECD298EE1E000C83985 /* LaunchScreen.storyboard */ = {
			isa = PBXVariantGroup;
			children = (
				A6857ECE298EE1E000C83985 /* Base */,
			);
			name = LaunchScreen.storyboard;
			sourceTree = "<group>";
		};
/* End PBXVariantGroup section */

/* Begin XCBuildConfiguration section */
		A6857ED1298EE1E000C83985 /* Debug */ = {
			isa = XCBuildConfiguration;
			buildSettings = {
				ALWAYS_SEARCH_USER_PATHS = NO;
				CLANG_ANALYZER_NONNULL = YES;
				CLANG_ANALYZER_NUMBER_OBJECT_CONVERSION = YES_AGGRESSIVE;
				CLANG_CXX_LANGUAGE_STANDARD = "gnu++20";
				CLANG_ENABLE_MODULES = YES;
				CLANG_ENABLE_OBJC_ARC = YES;
				CLANG_ENABLE_OBJC_WEAK = YES;
				CLANG_WARN_BLOCK_CAPTURE_AUTORELEASING = YES;
				CLANG_WARN_BOOL_CONVERSION = YES;
				CLANG_WARN_COMMA = YES;
				CLANG_WARN_CONSTANT_CONVERSION = YES;
				CLANG_WARN_DEPRECATED_OBJC_IMPLEMENTATIONS = YES;
				CLANG_WARN_DIRECT_OBJC_ISA_USAGE = YES_ERROR;
				CLANG_WARN_DOCUMENTATION_COMMENTS = YES;
				CLANG_WARN_EMPTY_BODY = YES;
				CLANG_WARN_ENUM_CONVERSION = YES;
				CLANG_WARN_INFINITE_RECURSION = YES;
				CLANG_WARN_INT_CONVERSION = YES;
				CLANG_WARN_NON_LITERAL_NULL_CONVERSION = YES;
				CLANG_WARN_OBJC_IMPLICIT_RETAIN_SELF = YES;
				CLANG_WARN_OBJC_LITERAL_CONVERSION = YES;
				CLANG_WARN_OBJC_ROOT_CLASS = YES_ERROR;
				CLANG_WARN_QUOTED_INCLUDE_IN_FRAMEWORK_HEADER = YES;
				CLANG_WARN_RANGE_LOOP_ANALYSIS = YES;
				CLANG_WARN_STRICT_PROTOTYPES = YES;
				CLANG_WARN_SUSPICIOUS_MOVE = YES;
				CLANG_WARN_UNGUARDED_AVAILABILITY = YES_AGGRESSIVE;
				CLANG_WARN_UNREACHABLE_CODE = YES;
				CLANG_WARN__DUPLICATE_METHOD_MATCH = YES;
				COPY_PHASE_STRIP = NO;
				DEBUG_INFORMATION_FORMAT = dwarf;
				ENABLE_STRICT_OBJC_MSGSEND = YES;
				ENABLE_TESTABILITY = YES;
				GCC_C_LANGUAGE_STANDARD = gnu11;
				GCC_DYNAMIC_NO_PIC = NO;
				GCC_NO_COMMON_BLOCKS = YES;
				GCC_OPTIMIZATION_LEVEL = 0;
				GCC_PREPROCESSOR_DEFINITIONS = (
					"DEBUG=1",
					"$(inherited)",
				);
				GCC_WARN_64_TO_32_BIT_CONVERSION = YES;
				GCC_WARN_ABOUT_RETURN_TYPE = YES_ERROR;
				GCC_WARN_UNDECLARED_SELECTOR = YES;
				GCC_WARN_UNINITIALIZED_AUTOS = YES_AGGRESSIVE;
				GCC_WARN_UNUSED_FUNCTION = YES;
				GCC_WARN_UNUSED_VARIABLE = YES;
				IPHONEOS_DEPLOYMENT_TARGET = 16.2;
				MTL_ENABLE_DEBUG_INFO = INCLUDE_SOURCE;
				MTL_FAST_MATH = YES;
				ONLY_ACTIVE_ARCH = YES;
				SDKROOT = iphoneos;
				SWIFT_ACTIVE_COMPILATION_CONDITIONS = DEBUG;
				SWIFT_OPTIMIZATION_LEVEL = "-Onone";
			};
			name = Debug;
		};
		A6857ED2298EE1E000C83985 /* Release */ = {
			isa = XCBuildConfiguration;
			buildSettings = {
				ALWAYS_SEARCH_USER_PATHS = NO;
				CLANG_ANALYZER_NONNULL = YES;
				CLANG_ANALYZER_NUMBER_OBJECT_CONVERSION = YES_AGGRESSIVE;
				CLANG_CXX_LANGUAGE_STANDARD = "gnu++20";
				CLANG_ENABLE_MODULES = YES;
				CLANG_ENABLE_OBJC_ARC = YES;
				CLANG_ENABLE_OBJC_WEAK = YES;
				CLANG_WARN_BLOCK_CAPTURE_AUTORELEASING = YES;
				CLANG_WARN_BOOL_CONVERSION = YES;
				CLANG_WARN_COMMA = YES;
				CLANG_WARN_CONSTANT_CONVERSION = YES;
				CLANG_WARN_DEPRECATED_OBJC_IMPLEMENTATIONS = YES;
				CLANG_WARN_DIRECT_OBJC_ISA_USAGE = YES_ERROR;
				CLANG_WARN_DOCUMENTATION_COMMENTS = YES;
				CLANG_WARN_EMPTY_BODY = YES;
				CLANG_WARN_ENUM_CONVERSION = YES;
				CLANG_WARN_INFINITE_RECURSION = YES;
				CLANG_WARN_INT_CONVERSION = YES;
				CLANG_WARN_NON_LITERAL_NULL_CONVERSION = YES;
				CLANG_WARN_OBJC_IMPLICIT_RETAIN_SELF = YES;
				CLANG_WARN_OBJC_LITERAL_CONVERSION = YES;
				CLANG_WARN_OBJC_ROOT_CLASS = YES_ERROR;
				CLANG_WARN_QUOTED_INCLUDE_IN_FRAMEWORK_HEADER = YES;
				CLANG_WARN_RANGE_LOOP_ANALYSIS = YES;
				CLANG_WARN_STRICT_PROTOTYPES = YES;
				CLANG_WARN_SUSPICIOUS_MOVE = YES;
				CLANG_WARN_UNGUARDED_AVAILABILITY = YES_AGGRESSIVE;
				CLANG_WARN_UNREACHABLE_CODE = YES;
				CLANG_WARN__DUPLICATE_METHOD_MATCH = YES;
				COPY_PHASE_STRIP = NO;
				DEBUG_INFORMATION_FORMAT = "dwarf-with-dsym";
				ENABLE_NS_ASSERTIONS = NO;
				ENABLE_STRICT_OBJC_MSGSEND = YES;
				GCC_C_LANGUAGE_STANDARD = gnu11;
				GCC_NO_COMMON_BLOCKS = YES;
				GCC_WARN_64_TO_32_BIT_CONVERSION = YES;
				GCC_WARN_ABOUT_RETURN_TYPE = YES_ERROR;
				GCC_WARN_UNDECLARED_SELECTOR = YES;
				GCC_WARN_UNINITIALIZED_AUTOS = YES_AGGRESSIVE;
				GCC_WARN_UNUSED_FUNCTION = YES;
				GCC_WARN_UNUSED_VARIABLE = YES;
				IPHONEOS_DEPLOYMENT_TARGET = 16.2;
				MTL_ENABLE_DEBUG_INFO = NO;
				MTL_FAST_MATH = YES;
				SDKROOT = iphoneos;
				SWIFT_COMPILATION_MODE = wholemodule;
				SWIFT_OPTIMIZATION_LEVEL = "-O";
				VALIDATE_PRODUCT = YES;
			};
			name = Release;
		};
		A6857ED4298EE1E000C83985 /* Debug */ = {
			isa = XCBuildConfiguration;
			buildSettings = {
				ASSETCATALOG_COMPILER_APPICON_NAME = AppIcon;
				ASSETCATALOG_COMPILER_GLOBAL_ACCENT_COLOR_NAME = AccentColor;
				CODE_SIGN_STYLE = Automatic;
				CURRENT_PROJECT_VERSION = 1;
				DEVELOPMENT_TEAM = BXB8Q93M4M;
				GENERATE_INFOPLIST_FILE = YES;
				INFOPLIST_FILE = MyTown/Info.plist;
				INFOPLIST_KEY_UIApplicationSupportsIndirectInputEvents = YES;
				INFOPLIST_KEY_UILaunchStoryboardName = LaunchScreen;
				INFOPLIST_KEY_UIMainStoryboardFile = Main;
				INFOPLIST_KEY_UISupportedInterfaceOrientations = "UIInterfaceOrientationLandscapeLeft UIInterfaceOrientationLandscapeRight UIInterfaceOrientationPortrait UIInterfaceOrientationPortraitUpsideDown";
				LD_RUNPATH_SEARCH_PATHS = (
					"$(inherited)",
					"@executable_path/Frameworks",
				);
				MARKETING_VERSION = 1.0;
				PRODUCT_BUNDLE_IDENTIFIER = YingqiZai.MyTown;
				PRODUCT_NAME = "$(TARGET_NAME)";
				SUPPORTED_PLATFORMS = "iphoneos iphonesimulator";
				SUPPORTS_MACCATALYST = NO;
				SUPPORTS_MAC_DESIGNED_FOR_IPHONE_IPAD = NO;
				SWIFT_EMIT_LOC_STRINGS = YES;
				SWIFT_VERSION = 5.0;
				TARGETED_DEVICE_FAMILY = 1;
			};
			name = Debug;
		};
		A6857ED5298EE1E000C83985 /* Release */ = {
			isa = XCBuildConfiguration;
			buildSettings = {
				ASSETCATALOG_COMPILER_APPICON_NAME = AppIcon;
				ASSETCATALOG_COMPILER_GLOBAL_ACCENT_COLOR_NAME = AccentColor;
				CODE_SIGN_STYLE = Automatic;
				CURRENT_PROJECT_VERSION = 1;
				DEVELOPMENT_TEAM = BXB8Q93M4M;
				GENERATE_INFOPLIST_FILE = YES;
				INFOPLIST_FILE = MyTown/Info.plist;
				INFOPLIST_KEY_UIApplicationSupportsIndirectInputEvents = YES;
				INFOPLIST_KEY_UILaunchStoryboardName = LaunchScreen;
				INFOPLIST_KEY_UIMainStoryboardFile = Main;
				INFOPLIST_KEY_UISupportedInterfaceOrientations = "UIInterfaceOrientationLandscapeLeft UIInterfaceOrientationLandscapeRight UIInterfaceOrientationPortrait UIInterfaceOrientationPortraitUpsideDown";
				LD_RUNPATH_SEARCH_PATHS = (
					"$(inherited)",
					"@executable_path/Frameworks",
				);
				MARKETING_VERSION = 1.0;
				PRODUCT_BUNDLE_IDENTIFIER = YingqiZai.MyTown;
				PRODUCT_NAME = "$(TARGET_NAME)";
				SUPPORTED_PLATFORMS = "iphoneos iphonesimulator";
				SUPPORTS_MACCATALYST = NO;
				SUPPORTS_MAC_DESIGNED_FOR_IPHONE_IPAD = NO;
				SWIFT_EMIT_LOC_STRINGS = YES;
				SWIFT_VERSION = 5.0;
				TARGETED_DEVICE_FAMILY = 1;
			};
			name = Release;
		};
/* End XCBuildConfiguration section */

/* Begin XCConfigurationList section */
		A6857EBA298EE1DE00C83985 /* Build configuration list for PBXProject "MyTown" */ = {
			isa = XCConfigurationList;
			buildConfigurations = (
				A6857ED1298EE1E000C83985 /* Debug */,
				A6857ED2298EE1E000C83985 /* Release */,
			);
			defaultConfigurationIsVisible = 0;
			defaultConfigurationName = Release;
		};
		A6857ED3298EE1E000C83985 /* Build configuration list for PBXNativeTarget "MyTown" */ = {
			isa = XCConfigurationList;
			buildConfigurations = (
				A6857ED4298EE1E000C83985 /* Debug */,
				A6857ED5298EE1E000C83985 /* Release */,
			);
			defaultConfigurationIsVisible = 0;
			defaultConfigurationName = Release;
		};
/* End XCConfigurationList section */
	};
	rootObject = A6857EB7298EE1DE00C83985 /* Project object */;
}
